PODS:
  - youtube-ios-player-helper (1.0.3)

DEPENDENCIES:
  - youtube-ios-player-helper

SPEC REPOS:
  trunk:
    - youtube-ios-player-helper

SPEC CHECKSUMS:
  youtube-ios-player-helper: 0185c57db23c80d63d6ca11251d110abb8a4ca61

PODFILE CHECKSUM: bb3091199ea88309a3d8c050fa445ca6587aa07c

COCOAPODS: 1.10.1
