// !$*UTF8*$!
{
	archiveVersion = 1;
	classes = {
	};
	objectVersion = 52;
	objects = {

/* Begin PBXBuildFile section */
		8D080E0326320F7D008002A1 /* ToastView.swift in Sources */ = {isa = PBXBuildFile; fileRef = 8D080E0226320F7D008002A1 /* ToastView.swift */; };
		8D248D782630D78B00BB3D10 /* SearchViewModel.swift in Sources */ = {isa = PBXBuildFile; fileRef = 8D248D772630D78B00BB3D10 /* SearchViewModel.swift */; };
		8D248D7B2631009D00BB3D10 /* ReviewView.swift in Sources */ = {isa = PBXBuildFile; fileRef = 8D248D7A2631009D00BB3D10 /* ReviewView.swift */; };
		8D266396262E0B1B00E50332 /* HomeViewModel.swift in Sources */ = {isa = PBXBuildFile; fileRef = 8D266395262E0B1A00E50332 /* HomeViewModel.swift */; };
		8D26639D262E2C1300E50332 /* CarouselImageView.swift in Sources */ = {isa = PBXBuildFile; fileRef = 8D26639C262E2C1300E50332 /* CarouselImageView.swift */; };
		8D5BB902262F8A0700836B85 /* Launch Screen.storyboard in Resources */ = {isa = PBXBuildFile; fileRef = 8D5BB901262F8A0700836B85 /* Launch Screen.storyboard */; };
		8D7C609026337846004CA809 /* WatchListViewModel.swift in Sources */ = {isa = PBXBuildFile; fileRef = 8D7C608F26337846004CA809 /* WatchListViewModel.swift */; };
		8D96F8B126314D7900FEE10E /* SearchResultView.swift in Sources */ = {isa = PBXBuildFile; fileRef = 8D96F8B026314D7900FEE10E /* SearchResultView.swift */; };
		8D9C77482634D9E900F7771E /* CardView.swift in Sources */ = {isa = PBXBuildFile; fileRef = 8D9C77472634D9E900F7771E /* CardView.swift */; };
		8DC62C122637721D00196EEF /* Debounce.swift in Sources */ = {isa = PBXBuildFile; fileRef = 8DC62C112637721D00196EEF /* Debounce.swift */; };
		8DC62C162638CDD300196EEF /* ImageSolution.swift in Sources */ = {isa = PBXBuildFile; fileRef = 8DC62C152638CDD300196EEF /* ImageSolution.swift */; };
		8DE9EE9B2636058300BF3D43 /* DropViewDelegate.swift in Sources */ = {isa = PBXBuildFile; fileRef = 8DE9EE9A2636058300BF3D43 /* DropViewDelegate.swift */; };
		8DE9EEA2263687EB00BF3D43 /* RecommendCardView.swift in Sources */ = {isa = PBXBuildFile; fileRef = 8DE9EEA1263687EB00BF3D43 /* RecommendCardView.swift */; };
		8DE9EEA5263688ED00BF3D43 /* RecommendHorizontalView.swift in Sources */ = {isa = PBXBuildFile; fileRef = 8DE9EEA4263688ED00BF3D43 /* RecommendHorizontalView.swift */; };
		8DF08952262B879400F957FE /* USC_FilmsApp.swift in Sources */ = {isa = PBXBuildFile; fileRef = 8DF08951262B879400F957FE /* USC_FilmsApp.swift */; };
		8DF08956262B879700F957FE /* Assets.xcassets in Resources */ = {isa = PBXBuildFile; fileRef = 8DF08955262B879700F957FE /* Assets.xcassets */; };
		8DF08959262B879700F957FE /* Preview Assets.xcassets in Resources */ = {isa = PBXBuildFile; fileRef = 8DF08958262B879700F957FE /* Preview Assets.xcassets */; };
		8DF0897B262B88E200F957FE /* Data.swift in Sources */ = {isa = PBXBuildFile; fileRef = 8DF0896C262B88E200F957FE /* Data.swift */; };
		8DF0897C262B88E200F957FE /* Detail.swift in Sources */ = {isa = PBXBuildFile; fileRef = 8DF0896D262B88E200F957FE /* Detail.swift */; };
		8DF0897E262B88E200F957FE /* DetailViewModel.swift in Sources */ = {isa = PBXBuildFile; fileRef = 8DF08970262B88E200F957FE /* DetailViewModel.swift */; };
		8DF08980262B88E200F957FE /* DetailView.swift in Sources */ = {isa = PBXBuildFile; fileRef = 8DF08973262B88E200F957FE /* DetailView.swift */; };
		8DF08981262B88E200F957FE /* FooterView.swift in Sources */ = {isa = PBXBuildFile; fileRef = 8DF08974262B88E200F957FE /* FooterView.swift */; };
		8DF08982262B88E200F957FE /* SearchView.swift in Sources */ = {isa = PBXBuildFile; fileRef = 8DF08975262B88E200F957FE /* SearchView.swift */; };
		8DF08983262B88E200F957FE /* HorizontalScrollView.swift in Sources */ = {isa = PBXBuildFile; fileRef = 8DF08976262B88E200F957FE /* HorizontalScrollView.swift */; };
		8DF08984262B88E200F957FE /* HomeView.swift in Sources */ = {isa = PBXBuildFile; fileRef = 8DF08977262B88E200F957FE /* HomeView.swift */; };
		8DF08985262B88E200F957FE /* CarouselView.swift in Sources */ = {isa = PBXBuildFile; fileRef = 8DF08978262B88E200F957FE /* CarouselView.swift */; };
		8DF08986262B88E200F957FE /* WatchListView.swift in Sources */ = {isa = PBXBuildFile; fileRef = 8DF08979262B88E200F957FE /* WatchListView.swift */; };
		8DF08987262B88E200F957FE /* ContentView.swift in Sources */ = {isa = PBXBuildFile; fileRef = 8DF0897A262B88E200F957FE /* ContentView.swift */; };
		8DF0898C262B894400F957FE /* Kingfisher in Frameworks */ = {isa = PBXBuildFile; productRef = 8DF0898B262B894400F957FE /* Kingfisher */; };
		8DF08990262B8B8B00F957FE /* SwiftyJSON in Frameworks */ = {isa = PBXBuildFile; productRef = 8DF0898F262B8B8B00F957FE /* SwiftyJSON */; };
		8DF08994262B8BE700F957FE /* Alamofire in Frameworks */ = {isa = PBXBuildFile; productRef = 8DF08993262B8BE700F957FE /* Alamofire */; };
		9AE2F54D11801AB6F9C4169A /* Pods_USC_Films.framework in Frameworks */ = {isa = PBXBuildFile; fileRef = CD980FAE27475D3F2094A267 /* Pods_USC_Films.framework */; };
/* End PBXBuildFile section */

/* Begin PBXFileReference section */
		34B1EC16105FFA20CC27BCE9 /* Pods-USC Films.debug.xcconfig */ = {isa = PBXFileReference; includeInIndex = 1; lastKnownFileType = text.xcconfig; name = "Pods-USC Films.debug.xcconfig"; path = "Target Support Files/Pods-USC Films/Pods-USC Films.debug.xcconfig"; sourceTree = "<group>"; };
		8D080E0226320F7D008002A1 /* ToastView.swift */ = {isa = PBXFileReference; lastKnownFileType = sourcecode.swift; path = ToastView.swift; sourceTree = "<group>"; };
		8D248D772630D78B00BB3D10 /* SearchViewModel.swift */ = {isa = PBXFileReference; lastKnownFileType = sourcecode.swift; path = SearchViewModel.swift; sourceTree = "<group>"; };
		8D248D7A2631009D00BB3D10 /* ReviewView.swift */ = {isa = PBXFileReference; lastKnownFileType = sourcecode.swift; path = ReviewView.swift; sourceTree = "<group>"; };
		8D266395262E0B1A00E50332 /* HomeViewModel.swift */ = {isa = PBXFileReference; lastKnownFileType = sourcecode.swift; path = HomeViewModel.swift; sourceTree = "<group>"; };
		8D26639C262E2C1300E50332 /* CarouselImageView.swift */ = {isa = PBXFileReference; lastKnownFileType = sourcecode.swift; path = CarouselImageView.swift; sourceTree = "<group>"; };
		8D5BB901262F8A0700836B85 /* Launch Screen.storyboard */ = {isa = PBXFileReference; fileEncoding = 4; lastKnownFileType = file.storyboard; path = "Launch Screen.storyboard"; sourceTree = "<group>"; };
		8D7C608F26337846004CA809 /* WatchListViewModel.swift */ = {isa = PBXFileReference; lastKnownFileType = sourcecode.swift; path = WatchListViewModel.swift; sourceTree = "<group>"; };
		8D96F8B026314D7900FEE10E /* SearchResultView.swift */ = {isa = PBXFileReference; lastKnownFileType = sourcecode.swift; path = SearchResultView.swift; sourceTree = "<group>"; };
		8D9C77472634D9E900F7771E /* CardView.swift */ = {isa = PBXFileReference; lastKnownFileType = sourcecode.swift; path = CardView.swift; sourceTree = "<group>"; };
		8DC62C112637721D00196EEF /* Debounce.swift */ = {isa = PBXFileReference; lastKnownFileType = sourcecode.swift; path = Debounce.swift; sourceTree = "<group>"; };
		8DC62C152638CDD300196EEF /* ImageSolution.swift */ = {isa = PBXFileReference; lastKnownFileType = sourcecode.swift; path = ImageSolution.swift; sourceTree = "<group>"; };
		8DE9EE9A2636058300BF3D43 /* DropViewDelegate.swift */ = {isa = PBXFileReference; lastKnownFileType = sourcecode.swift; path = DropViewDelegate.swift; sourceTree = "<group>"; };
		8DE9EEA1263687EB00BF3D43 /* RecommendCardView.swift */ = {isa = PBXFileReference; lastKnownFileType = sourcecode.swift; path = RecommendCardView.swift; sourceTree = "<group>"; };
		8DE9EEA4263688ED00BF3D43 /* RecommendHorizontalView.swift */ = {isa = PBXFileReference; lastKnownFileType = sourcecode.swift; path = RecommendHorizontalView.swift; sourceTree = "<group>"; };
		8DF0894E262B879400F957FE /* USC Films.app */ = {isa = PBXFileReference; explicitFileType = wrapper.application; includeInIndex = 0; path = "USC Films.app"; sourceTree = BUILT_PRODUCTS_DIR; };
		8DF08951262B879400F957FE /* USC_FilmsApp.swift */ = {isa = PBXFileReference; lastKnownFileType = sourcecode.swift; path = USC_FilmsApp.swift; sourceTree = "<group>"; };
		8DF08955262B879700F957FE /* Assets.xcassets */ = {isa = PBXFileReference; lastKnownFileType = folder.assetcatalog; path = Assets.xcassets; sourceTree = "<group>"; };
		8DF08958262B879700F957FE /* Preview Assets.xcassets */ = {isa = PBXFileReference; lastKnownFileType = folder.assetcatalog; path = "Preview Assets.xcassets"; sourceTree = "<group>"; };
		8DF0895A262B879700F957FE /* Info.plist */ = {isa = PBXFileReference; lastKnownFileType = text.plist.xml; path = Info.plist; sourceTree = "<group>"; };
		8DF0896C262B88E200F957FE /* Data.swift */ = {isa = PBXFileReference; fileEncoding = 4; lastKnownFileType = sourcecode.swift; path = Data.swift; sourceTree = "<group>"; };
		8DF0896D262B88E200F957FE /* Detail.swift */ = {isa = PBXFileReference; fileEncoding = 4; lastKnownFileType = sourcecode.swift; path = Detail.swift; sourceTree = "<group>"; };
		8DF08970262B88E200F957FE /* DetailViewModel.swift */ = {isa = PBXFileReference; fileEncoding = 4; lastKnownFileType = sourcecode.swift; path = DetailViewModel.swift; sourceTree = "<group>"; };
		8DF08973262B88E200F957FE /* DetailView.swift */ = {isa = PBXFileReference; fileEncoding = 4; lastKnownFileType = sourcecode.swift; path = DetailView.swift; sourceTree = "<group>"; };
		8DF08974262B88E200F957FE /* FooterView.swift */ = {isa = PBXFileReference; fileEncoding = 4; lastKnownFileType = sourcecode.swift; path = FooterView.swift; sourceTree = "<group>"; };
		8DF08975262B88E200F957FE /* SearchView.swift */ = {isa = PBXFileReference; fileEncoding = 4; lastKnownFileType = sourcecode.swift; path = SearchView.swift; sourceTree = "<group>"; };
		8DF08976262B88E200F957FE /* HorizontalScrollView.swift */ = {isa = PBXFileReference; fileEncoding = 4; lastKnownFileType = sourcecode.swift; path = HorizontalScrollView.swift; sourceTree = "<group>"; };
		8DF08977262B88E200F957FE /* HomeView.swift */ = {isa = PBXFileReference; fileEncoding = 4; lastKnownFileType = sourcecode.swift; path = HomeView.swift; sourceTree = "<group>"; };
		8DF08978262B88E200F957FE /* CarouselView.swift */ = {isa = PBXFileReference; fileEncoding = 4; lastKnownFileType = sourcecode.swift; path = CarouselView.swift; sourceTree = "<group>"; };
		8DF08979262B88E200F957FE /* WatchListView.swift */ = {isa = PBXFileReference; fileEncoding = 4; lastKnownFileType = sourcecode.swift; path = WatchListView.swift; sourceTree = "<group>"; };
		8DF0897A262B88E200F957FE /* ContentView.swift */ = {isa = PBXFileReference; fileEncoding = 4; lastKnownFileType = sourcecode.swift; path = ContentView.swift; sourceTree = "<group>"; };
		CD980FAE27475D3F2094A267 /* Pods_USC_Films.framework */ = {isa = PBXFileReference; explicitFileType = wrapper.framework; includeInIndex = 0; path = Pods_USC_Films.framework; sourceTree = BUILT_PRODUCTS_DIR; };
		F02881E190EA720B209AAFAA /* Pods-USC Films.release.xcconfig */ = {isa = PBXFileReference; includeInIndex = 1; lastKnownFileType = text.xcconfig; name = "Pods-USC Films.release.xcconfig"; path = "Target Support Files/Pods-USC Films/Pods-USC Films.release.xcconfig"; sourceTree = "<group>"; };
/* End PBXFileReference section */

/* Begin PBXFrameworksBuildPhase section */
		8DF0894B262B879400F957FE /* Frameworks */ = {
			isa = PBXFrameworksBuildPhase;
			buildActionMask = 2147483647;
			files = (
				8DF08994262B8BE700F957FE /* Alamofire in Frameworks */,
				8DF08990262B8B8B00F957FE /* SwiftyJSON in Frameworks */,
				8DF0898C262B894400F957FE /* Kingfisher in Frameworks */,
				9AE2F54D11801AB6F9C4169A /* Pods_USC_Films.framework in Frameworks */,
			);
			runOnlyForDeploymentPostprocessing = 0;
		};
/* End PBXFrameworksBuildPhase section */

/* Begin PBXGroup section */
		50326B078EA47FBC150ACB6A /* Pods */ = {
			isa = PBXGroup;
			children = (
				34B1EC16105FFA20CC27BCE9 /* Pods-USC Films.debug.xcconfig */,
				F02881E190EA720B209AAFAA /* Pods-USC Films.release.xcconfig */,
			);
			path = Pods;
			sourceTree = "<group>";
		};
		8DE9EEA72636898F00BF3D43 /* Recommend */ = {
			isa = PBXGroup;
			children = (
				8DE9EEA4263688ED00BF3D43 /* RecommendHorizontalView.swift */,
				8DE9EEA1263687EB00BF3D43 /* RecommendCardView.swift */,
			);
			path = Recommend;
			sourceTree = "<group>";
		};
		8DE9EEA8263689A800BF3D43 /* Search */ = {
			isa = PBXGroup;
			children = (
				8D96F8B026314D7900FEE10E /* SearchResultView.swift */,
			);
			path = Search;
			sourceTree = "<group>";
		};
		8DE9EEAA263689C800BF3D43 /* Home */ = {
			isa = PBXGroup;
			children = (
				8DF08978262B88E200F957FE /* CarouselView.swift */,
				8D26639C262E2C1300E50332 /* CarouselImageView.swift */,
				8DF08976262B88E200F957FE /* HorizontalScrollView.swift */,
				8D9C77472634D9E900F7771E /* CardView.swift */,
			);
			path = Home;
			sourceTree = "<group>";
		};
		8DF08945262B879400F957FE = {
			isa = PBXGroup;
			children = (
				8DF08950262B879400F957FE /* USC Films */,
				8DF0894F262B879400F957FE /* Products */,
				50326B078EA47FBC150ACB6A /* Pods */,
				E74B810AB9C5810D4747245C /* Frameworks */,
			);
			sourceTree = "<group>";
		};
		8DF0894F262B879400F957FE /* Products */ = {
			isa = PBXGroup;
			children = (
				8DF0894E262B879400F957FE /* USC Films.app */,
			);
			name = Products;
			sourceTree = "<group>";
		};
		8DF08950262B879400F957FE /* USC Films */ = {
			isa = PBXGroup;
			children = (
				8DF08951262B879400F957FE /* USC_FilmsApp.swift */,
				8DF0896B262B88E200F957FE /* Model */,
				8DF08972262B88E200F957FE /* View */,
				8DF0896E262B88E200F957FE /* ViewModel */,
				8DF08955262B879700F957FE /* Assets.xcassets */,
				8D5BB901262F8A0700836B85 /* Launch Screen.storyboard */,
				8DF0895A262B879700F957FE /* Info.plist */,
				8DF08957262B879700F957FE /* Preview Content */,
			);
			path = "USC Films";
			sourceTree = "<group>";
		};
		8DF08957262B879700F957FE /* Preview Content */ = {
			isa = PBXGroup;
			children = (
				8DF08958262B879700F957FE /* Preview Assets.xcassets */,
			);
			path = "Preview Content";
			sourceTree = "<group>";
		};
		8DF0896B262B88E200F957FE /* Model */ = {
			isa = PBXGroup;
			children = (
				8DF0896C262B88E200F957FE /* Data.swift */,
				8DF0896D262B88E200F957FE /* Detail.swift */,
			);
			path = Model;
			sourceTree = "<group>";
		};
		8DF0896E262B88E200F957FE /* ViewModel */ = {
			isa = PBXGroup;
			children = (
				8D266395262E0B1A00E50332 /* HomeViewModel.swift */,
				8D248D772630D78B00BB3D10 /* SearchViewModel.swift */,
				8D7C608F26337846004CA809 /* WatchListViewModel.swift */,
				8DF08970262B88E200F957FE /* DetailViewModel.swift */,
			);
			path = ViewModel;
			sourceTree = "<group>";
		};
		8DF08972262B88E200F957FE /* View */ = {
			isa = PBXGroup;
			children = (
				8DF0897A262B88E200F957FE /* ContentView.swift */,
				8DF08977262B88E200F957FE /* HomeView.swift */,
				8DF08979262B88E200F957FE /* WatchListView.swift */,
				8DF08975262B88E200F957FE /* SearchView.swift */,
				8DF08973262B88E200F957FE /* DetailView.swift */,
				8D248D7A2631009D00BB3D10 /* ReviewView.swift */,
				8DC62C152638CDD300196EEF /* ImageSolution.swift */,
				8DC62C112637721D00196EEF /* Debounce.swift */,
				8DE9EEAA263689C800BF3D43 /* Home */,
				8DE9EEA72636898F00BF3D43 /* Recommend */,
				8DE9EEA8263689A800BF3D43 /* Search */,
				8D080E0226320F7D008002A1 /* ToastView.swift */,
				8DE9EE9A2636058300BF3D43 /* DropViewDelegate.swift */,
				8DF08974262B88E200F957FE /* FooterView.swift */,
			);
			path = View;
			sourceTree = "<group>";
		};
		E74B810AB9C5810D4747245C /* Frameworks */ = {
			isa = PBXGroup;
			children = (
				CD980FAE27475D3F2094A267 /* Pods_USC_Films.framework */,
			);
			name = Frameworks;
			sourceTree = "<group>";
		};
/* End PBXGroup section */

/* Begin PBXNativeTarget section */
		8DF0894D262B879400F957FE /* USC Films */ = {
			isa = PBXNativeTarget;
			buildConfigurationList = 8DF0895D262B879700F957FE /* Build configuration list for PBXNativeTarget "USC Films" */;
			buildPhases = (
				AA9B684CCEAD6F0F9998DD28 /* [CP] Check Pods Manifest.lock */,
				8DF0894A262B879400F957FE /* Sources */,
				8DF0894B262B879400F957FE /* Frameworks */,
				8DF0894C262B879400F957FE /* Resources */,
				53C93F97F0ACF95581E0F1A1 /* [CP] Embed Pods Frameworks */,
			);
			buildRules = (
			);
			dependencies = (
			);
			name = "USC Films";
			packageProductDependencies = (
				8DF0898B262B894400F957FE /* Kingfisher */,
				8DF0898F262B8B8B00F957FE /* SwiftyJSON */,
				8DF08993262B8BE700F957FE /* Alamofire */,
			);
			productName = "USC Films";
			productReference = 8DF0894E262B879400F957FE /* USC Films.app */;
			productType = "com.apple.product-type.application";
		};
/* End PBXNativeTarget section */

/* Begin PBXProject section */
		8DF08946262B879400F957FE /* Project object */ = {
			isa = PBXProject;
			attributes = {
				LastSwiftUpdateCheck = 1240;
				LastUpgradeCheck = 1240;
				TargetAttributes = {
					8DF0894D262B879400F957FE = {
						CreatedOnToolsVersion = 12.4;
					};
				};
			};
			buildConfigurationList = 8DF08949262B879400F957FE /* Build configuration list for PBXProject "USC Films" */;
			compatibilityVersion = "Xcode 9.3";
			developmentRegion = en;
			hasScannedForEncodings = 0;
			knownRegions = (
				en,
				Base,
			);
			mainGroup = 8DF08945262B879400F957FE;
			packageReferences = (
				8DF0898A262B894400F957FE /* XCRemoteSwiftPackageReference "Kingfisher" */,
				8DF0898E262B8B8B00F957FE /* XCRemoteSwiftPackageReference "SwiftyJSON" */,
				8DF08992262B8BE700F957FE /* XCRemoteSwiftPackageReference "Alamofire" */,
			);
			productRefGroup = 8DF0894F262B879400F957FE /* Products */;
			projectDirPath = "";
			projectRoot = "";
			targets = (
				8DF0894D262B879400F957FE /* USC Films */,
			);
		};
/* End PBXProject section */

/* Begin PBXResourcesBuildPhase section */
		8DF0894C262B879400F957FE /* Resources */ = {
			isa = PBXResourcesBuildPhase;
			buildActionMask = 2147483647;
			files = (
				8DF08959262B879700F957FE /* Preview Assets.xcassets in Resources */,
				8D5BB902262F8A0700836B85 /* Launch Screen.storyboard in Resources */,
				8DF08956262B879700F957FE /* Assets.xcassets in Resources */,
			);
			runOnlyForDeploymentPostprocessing = 0;
		};
/* End PBXResourcesBuildPhase section */

/* Begin PBXShellScriptBuildPhase section */
		53C93F97F0ACF95581E0F1A1 /* [CP] Embed Pods Frameworks */ = {
			isa = PBXShellScriptBuildPhase;
			buildActionMask = 2147483647;
			files = (
			);
			inputFileListPaths = (
				"${PODS_ROOT}/Target Support Files/Pods-USC Films/Pods-USC Films-frameworks-${CONFIGURATION}-input-files.xcfilelist",
			);
			name = "[CP] Embed Pods Frameworks";
			outputFileListPaths = (
				"${PODS_ROOT}/Target Support Files/Pods-USC Films/Pods-USC Films-frameworks-${CONFIGURATION}-output-files.xcfilelist",
			);
			runOnlyForDeploymentPostprocessing = 0;
			shellPath = /bin/sh;
			shellScript = "\"${PODS_ROOT}/Target Support Files/Pods-USC Films/Pods-USC Films-frameworks.sh\"\n";
			showEnvVarsInLog = 0;
		};
		AA9B684CCEAD6F0F9998DD28 /* [CP] Check Pods Manifest.lock */ = {
			isa = PBXShellScriptBuildPhase;
			buildActionMask = 2147483647;
			files = (
			);
			inputFileListPaths = (
			);
			inputPaths = (
				"${PODS_PODFILE_DIR_PATH}/Podfile.lock",
				"${PODS_ROOT}/Manifest.lock",
			);
			name = "[CP] Check Pods Manifest.lock";
			outputFileListPaths = (
			);
			outputPaths = (
				"$(DERIVED_FILE_DIR)/Pods-USC Films-checkManifestLockResult.txt",
			);
			runOnlyForDeploymentPostprocessing = 0;
			shellPath = /bin/sh;
			shellScript = "diff \"${PODS_PODFILE_DIR_PATH}/Podfile.lock\" \"${PODS_ROOT}/Manifest.lock\" > /dev/null\nif [ $? != 0 ] ; then\n    # print error to STDERR\n    echo \"error: The sandbox is not in sync with the Podfile.lock. Run 'pod install' or update your CocoaPods installation.\" >&2\n    exit 1\nfi\n# This output is used by Xcode 'outputs' to avoid re-running this script phase.\necho \"SUCCESS\" > \"${SCRIPT_OUTPUT_FILE_0}\"\n";
			showEnvVarsInLog = 0;
		};
/* End PBXShellScriptBuildPhase section */

/* Begin PBXSourcesBuildPhase section */
		8DF0894A262B879400F957FE /* Sources */ = {
			isa = PBXSourcesBuildPhase;
			buildActionMask = 2147483647;
			files = (
				8DF08982262B88E200F957FE /* SearchView.swift in Sources */,
				8DF08986262B88E200F957FE /* WatchListView.swift in Sources */,
				8DE9EE9B2636058300BF3D43 /* DropViewDelegate.swift in Sources */,
				8DE9EEA2263687EB00BF3D43 /* RecommendCardView.swift in Sources */,
				8DF08980262B88E200F957FE /* DetailView.swift in Sources */,
				8DF08981262B88E200F957FE /* FooterView.swift in Sources */,
				8D26639D262E2C1300E50332 /* CarouselImageView.swift in Sources */,
				8DF0897E262B88E200F957FE /* DetailViewModel.swift in Sources */,
				8D248D782630D78B00BB3D10 /* SearchViewModel.swift in Sources */,
				8DF08985262B88E200F957FE /* CarouselView.swift in Sources */,
				8D248D7B2631009D00BB3D10 /* ReviewView.swift in Sources */,
				8DF0897B262B88E200F957FE /* Data.swift in Sources */,
				8DF08983262B88E200F957FE /* HorizontalScrollView.swift in Sources */,
				8DE9EEA5263688ED00BF3D43 /* RecommendHorizontalView.swift in Sources */,
				8DF0897C262B88E200F957FE /* Detail.swift in Sources */,
				8D96F8B126314D7900FEE10E /* SearchResultView.swift in Sources */,
				8D7C609026337846004CA809 /* WatchListViewModel.swift in Sources */,
				8D9C77482634D9E900F7771E /* CardView.swift in Sources */,
				8DF08987262B88E200F957FE /* ContentView.swift in Sources */,
				8DF08984262B88E200F957FE /* HomeView.swift in Sources */,
				8D266396262E0B1B00E50332 /* HomeViewModel.swift in Sources */,
				8D080E0326320F7D008002A1 /* ToastView.swift in Sources */,
				8DC62C122637721D00196EEF /* Debounce.swift in Sources */,
				8DF08952262B879400F957FE /* USC_FilmsApp.swift in Sources */,
				8DC62C162638CDD300196EEF /* ImageSolution.swift in Sources */,
			);
			runOnlyForDeploymentPostprocessing = 0;
		};
/* End PBXSourcesBuildPhase section */

/* Begin XCBuildConfiguration section */
		8DF0895B262B879700F957FE /* Debug */ = {
			isa = XCBuildConfiguration;
			buildSettings = {
				ALWAYS_SEARCH_USER_PATHS = NO;
				CLANG_ANALYZER_NONNULL = YES;
				CLANG_ANALYZER_NUMBER_OBJECT_CONVERSION = YES_AGGRESSIVE;
				CLANG_CXX_LANGUAGE_STANDARD = "gnu++14";
				CLANG_CXX_LIBRARY = "libc++";
				CLANG_ENABLE_MODULES = YES;
				CLANG_ENABLE_OBJC_ARC = YES;
				CLANG_ENABLE_OBJC_WEAK = YES;
				CLANG_WARN_BLOCK_CAPTURE_AUTORELEASING = YES;
				CLANG_WARN_BOOL_CONVERSION = YES;
				CLANG_WARN_COMMA = YES;
				CLANG_WARN_CONSTANT_CONVERSION = YES;
				CLANG_WARN_DEPRECATED_OBJC_IMPLEMENTATIONS = YES;
				CLANG_WARN_DIRECT_OBJC_ISA_USAGE = YES_ERROR;
				CLANG_WARN_DOCUMENTATION_COMMENTS = YES;
				CLANG_WARN_EMPTY_BODY = YES;
				CLANG_WARN_ENUM_CONVERSION = YES;
				CLANG_WARN_INFINITE_RECURSION = YES;
				CLANG_WARN_INT_CONVERSION = YES;
				CLANG_WARN_NON_LITERAL_NULL_CONVERSION = YES;
				CLANG_WARN_OBJC_IMPLICIT_RETAIN_SELF = YES;
				CLANG_WARN_OBJC_LITERAL_CONVERSION = YES;
				CLANG_WARN_OBJC_ROOT_CLASS = YES_ERROR;
				CLANG_WARN_QUOTED_INCLUDE_IN_FRAMEWORK_HEADER = YES;
				CLANG_WARN_RANGE_LOOP_ANALYSIS = YES;
				CLANG_WARN_STRICT_PROTOTYPES = YES;
				CLANG_WARN_SUSPICIOUS_MOVE = YES;
				CLANG_WARN_UNGUARDED_AVAILABILITY = YES_AGGRESSIVE;
				CLANG_WARN_UNREACHABLE_CODE = YES;
				CLANG_WARN__DUPLICATE_METHOD_MATCH = YES;
				COPY_PHASE_STRIP = NO;
				DEBUG_INFORMATION_FORMAT = dwarf;
				ENABLE_STRICT_OBJC_MSGSEND = YES;
				ENABLE_TESTABILITY = YES;
				GCC_C_LANGUAGE_STANDARD = gnu11;
				GCC_DYNAMIC_NO_PIC = NO;
				GCC_NO_COMMON_BLOCKS = YES;
				GCC_OPTIMIZATION_LEVEL = 0;
				GCC_PREPROCESSOR_DEFINITIONS = (
					"DEBUG=1",
					"$(inherited)",
				);
				GCC_WARN_64_TO_32_BIT_CONVERSION = YES;
				GCC_WARN_ABOUT_RETURN_TYPE = YES_ERROR;
				GCC_WARN_UNDECLARED_SELECTOR = YES;
				GCC_WARN_UNINITIALIZED_AUTOS = YES_AGGRESSIVE;
				GCC_WARN_UNUSED_FUNCTION = YES;
				GCC_WARN_UNUSED_VARIABLE = YES;
				IPHONEOS_DEPLOYMENT_TARGET = 14.4;
				MTL_ENABLE_DEBUG_INFO = INCLUDE_SOURCE;
				MTL_FAST_MATH = YES;
				ONLY_ACTIVE_ARCH = YES;
				SDKROOT = iphoneos;
				SWIFT_ACTIVE_COMPILATION_CONDITIONS = DEBUG;
				SWIFT_OPTIMIZATION_LEVEL = "-Onone";
			};
			name = Debug;
		};
		8DF0895C262B879700F957FE /* Release */ = {
			isa = XCBuildConfiguration;
			buildSettings = {
				ALWAYS_SEARCH_USER_PATHS = NO;
				CLANG_ANALYZER_NONNULL = YES;
				CLANG_ANALYZER_NUMBER_OBJECT_CONVERSION = YES_AGGRESSIVE;
				CLANG_CXX_LANGUAGE_STANDARD = "gnu++14";
				CLANG_CXX_LIBRARY = "libc++";
				CLANG_ENABLE_MODULES = YES;
				CLANG_ENABLE_OBJC_ARC = YES;
				CLANG_ENABLE_OBJC_WEAK = YES;
				CLANG_WARN_BLOCK_CAPTURE_AUTORELEASING = YES;
				CLANG_WARN_BOOL_CONVERSION = YES;
				CLANG_WARN_COMMA = YES;
				CLANG_WARN_CONSTANT_CONVERSION = YES;
				CLANG_WARN_DEPRECATED_OBJC_IMPLEMENTATIONS = YES;
				CLANG_WARN_DIRECT_OBJC_ISA_USAGE = YES_ERROR;
				CLANG_WARN_DOCUMENTATION_COMMENTS = YES;
				CLANG_WARN_EMPTY_BODY = YES;
				CLANG_WARN_ENUM_CONVERSION = YES;
				CLANG_WARN_INFINITE_RECURSION = YES;
				CLANG_WARN_INT_CONVERSION = YES;
				CLANG_WARN_NON_LITERAL_NULL_CONVERSION = YES;
				CLANG_WARN_OBJC_IMPLICIT_RETAIN_SELF = YES;
				CLANG_WARN_OBJC_LITERAL_CONVERSION = YES;
				CLANG_WARN_OBJC_ROOT_CLASS = YES_ERROR;
				CLANG_WARN_QUOTED_INCLUDE_IN_FRAMEWORK_HEADER = YES;
				CLANG_WARN_RANGE_LOOP_ANALYSIS = YES;
				CLANG_WARN_STRICT_PROTOTYPES = YES;
				CLANG_WARN_SUSPICIOUS_MOVE = YES;
				CLANG_WARN_UNGUARDED_AVAILABILITY = YES_AGGRESSIVE;
				CLANG_WARN_UNREACHABLE_CODE = YES;
				CLANG_WARN__DUPLICATE_METHOD_MATCH = YES;
				COPY_PHASE_STRIP = NO;
				DEBUG_INFORMATION_FORMAT = "dwarf-with-dsym";
				ENABLE_NS_ASSERTIONS = NO;
				ENABLE_STRICT_OBJC_MSGSEND = YES;
				GCC_C_LANGUAGE_STANDARD = gnu11;
				GCC_NO_COMMON_BLOCKS = YES;
				GCC_WARN_64_TO_32_BIT_CONVERSION = YES;
				GCC_WARN_ABOUT_RETURN_TYPE = YES_ERROR;
				GCC_WARN_UNDECLARED_SELECTOR = YES;
				GCC_WARN_UNINITIALIZED_AUTOS = YES_AGGRESSIVE;
				GCC_WARN_UNUSED_FUNCTION = YES;
				GCC_WARN_UNUSED_VARIABLE = YES;
				IPHONEOS_DEPLOYMENT_TARGET = 14.4;
				MTL_ENABLE_DEBUG_INFO = NO;
				MTL_FAST_MATH = YES;
				SDKROOT = iphoneos;
				SWIFT_COMPILATION_MODE = wholemodule;
				SWIFT_OPTIMIZATION_LEVEL = "-O";
				VALIDATE_PRODUCT = YES;
			};
			name = Release;
		};
		8DF0895E262B879700F957FE /* Debug */ = {
			isa = XCBuildConfiguration;
			baseConfigurationReference = 34B1EC16105FFA20CC27BCE9 /* Pods-USC Films.debug.xcconfig */;
			buildSettings = {
				ASSETCATALOG_COMPILER_APPICON_NAME = AppIcon;
				ASSETCATALOG_COMPILER_GLOBAL_ACCENT_COLOR_NAME = AccentColor;
				CODE_SIGN_STYLE = Automatic;
				DEVELOPMENT_ASSET_PATHS = "\"USC Films/Preview Content\"";
				DEVELOPMENT_TEAM = XNHA2NC45Y;
				ENABLE_PREVIEWS = YES;
				INFOPLIST_FILE = "USC Films/Info.plist";
				IPHONEOS_DEPLOYMENT_TARGET = 14.0;
				LD_RUNPATH_SEARCH_PATHS = (
					"$(inherited)",
					"@executable_path/Frameworks",
				);
				PRODUCT_BUNDLE_IDENTIFIER = "com.poyu.USC-Films";
				PRODUCT_NAME = "$(TARGET_NAME)";
				SWIFT_VERSION = 5.0;
				TARGETED_DEVICE_FAMILY = "1,2";
			};
			name = Debug;
		};
		8DF0895F262B879700F957FE /* Release */ = {
			isa = XCBuildConfiguration;
			baseConfigurationReference = F02881E190EA720B209AAFAA /* Pods-USC Films.release.xcconfig */;
			buildSettings = {
				ASSETCATALOG_COMPILER_APPICON_NAME = AppIcon;
				ASSETCATALOG_COMPILER_GLOBAL_ACCENT_COLOR_NAME = AccentColor;
				CODE_SIGN_STYLE = Automatic;
				DEVELOPMENT_ASSET_PATHS = "\"USC Films/Preview Content\"";
				DEVELOPMENT_TEAM = XNHA2NC45Y;
				ENABLE_PREVIEWS = YES;
				INFOPLIST_FILE = "USC Films/Info.plist";
				IPHONEOS_DEPLOYMENT_TARGET = 14.0;
				LD_RUNPATH_SEARCH_PATHS = (
					"$(inherited)",
					"@executable_path/Frameworks",
				);
				PRODUCT_BUNDLE_IDENTIFIER = "com.poyu.USC-Films";
				PRODUCT_NAME = "$(TARGET_NAME)";
				SWIFT_VERSION = 5.0;
				TARGETED_DEVICE_FAMILY = "1,2";
			};
			name = Release;
		};
/* End XCBuildConfiguration section */

/* Begin XCConfigurationList section */
		8DF08949262B879400F957FE /* Build configuration list for PBXProject "USC Films" */ = {
			isa = XCConfigurationList;
			buildConfigurations = (
				8DF0895B262B879700F957FE /* Debug */,
				8DF0895C262B879700F957FE /* Release */,
			);
			defaultConfigurationIsVisible = 0;
			defaultConfigurationName = Release;
		};
		8DF0895D262B879700F957FE /* Build configuration list for PBXNativeTarget "USC Films" */ = {
			isa = XCConfigurationList;
			buildConfigurations = (
				8DF0895E262B879700F957FE /* Debug */,
				8DF0895F262B879700F957FE /* Release */,
			);
			defaultConfigurationIsVisible = 0;
			defaultConfigurationName = Release;
		};
/* End XCConfigurationList section */

/* Begin XCRemoteSwiftPackageReference section */
		8DF0898A262B894400F957FE /* XCRemoteSwiftPackageReference "Kingfisher" */ = {
			isa = XCRemoteSwiftPackageReference;
			repositoryURL = "https://github.com/onevcat/Kingfisher.git";
			requirement = {
				kind = upToNextMajorVersion;
				minimumVersion = 6.2.1;
			};
		};
		8DF0898E262B8B8B00F957FE /* XCRemoteSwiftPackageReference "SwiftyJSON" */ = {
			isa = XCRemoteSwiftPackageReference;
			repositoryURL = "https://github.com/SwiftyJSON/SwiftyJSON.git";
			requirement = {
				kind = upToNextMajorVersion;
				minimumVersion = 5.0.1;
			};
		};
		8DF08992262B8BE700F957FE /* XCRemoteSwiftPackageReference "Alamofire" */ = {
			isa = XCRemoteSwiftPackageReference;
			repositoryURL = "https://github.com/Alamofire/Alamofire.git";
			requirement = {
				kind = upToNextMajorVersion;
				minimumVersion = 5.4.2;
			};
		};
/* End XCRemoteSwiftPackageReference section */

/* Begin XCSwiftPackageProductDependency section */
		8DF0898B262B894400F957FE /* Kingfisher */ = {
			isa = XCSwiftPackageProductDependency;
			package = 8DF0898A262B894400F957FE /* XCRemoteSwiftPackageReference "Kingfisher" */;
			productName = Kingfisher;
		};
		8DF0898F262B8B8B00F957FE /* SwiftyJSON */ = {
			isa = XCSwiftPackageProductDependency;
			package = 8DF0898E262B8B8B00F957FE /* XCRemoteSwiftPackageReference "SwiftyJSON" */;
			productName = SwiftyJSON;
		};
		8DF08993262B8BE700F957FE /* Alamofire */ = {
			isa = XCSwiftPackageProductDependency;
			package = 8DF08992262B8BE700F957FE /* XCRemoteSwiftPackageReference "Alamofire" */;
			productName = Alamofire;
		};
/* End XCSwiftPackageProductDependency section */
	};
	rootObject = 8DF08946262B879400F957FE /* Project object */;
}
